
Microsoft Visual Studio Solution File, Format Version 12.00
# Visual Studio Version 17
VisualStudioVersion = 17.8.34525.116
MinimumVisualStudioVersion = 10.0.40219.1
Project("{FAE04EC0-301F-11D3-BF4B-00C04F79EFBC}") = "WebAPI", "WebAPI\WebAPI.csproj", "{68E3E962-5EB4-4070-BB5E-B13B90A4919C}"
EndProject
Global
	GlobalSection(SolutionConfigurationPlatforms) = preSolution
		Debug|Any CPU = Debug|Any CPU
		Release|Any CPU = Release|Any CPU
	EndGlobalSection
	GlobalSection(ProjectConfigurationPlatforms) = postSolution
		{68E3E962-5EB4-4070-BB5E-B13B90A4919C}.Debug|Any CPU.ActiveCfg = Debug|Any CPU
		{68E3E962-5EB4-4070-BB5E-B13B90A4919C}.Debug|Any CPU.Build.0 = Debug|Any CPU
		{68E3E962-5EB4-4070-BB5E-B13B90A4919C}.Release|Any CPU.ActiveCfg = Release|Any CPU
		{68E3E962-5EB4-4070-BB5E-B13B90A4919C}.Release|Any CPU.Build.0 = Release|Any CPU
	EndGlobalSection
	GlobalSection(SolutionProperties) = preSolution
		HideSolutionNode = FALSE
	EndGlobalSection
	GlobalSection(ExtensibilityGlobals) = postSolution
		SolutionGuid = {7FE2E409-1C19-48A8-9652-EAE538F604AA}
	EndGlobalSection
EndGlobal
